// !$*UTF8*$!
{
	archiveVersion = 1;
	classes = {
	};
	objectVersion = 48;
	objects = {

/* Begin PBXBuildFile section */
		2458E4531EE86B3C00418DAA /* AppDelegate.swift in Sources */ = {isa = PBXBuildFile; fileRef = 2458E4521EE86B3C00418DAA /* AppDelegate.swift */; };
		2458E4551EE86B3C00418DAA /* ViewController.swift in Sources */ = {isa = PBXBuildFile; fileRef = 2458E4541EE86B3C00418DAA /* ViewController.swift */; };
		2458E4581EE86B3C00418DAA /* Main.storyboard in Resources */ = {isa = PBXBuildFile; fileRef = 2458E4561EE86B3C00418DAA /* Main.storyboard */; };
		2458E45A1EE86B3C00418DAA /* Assets.xcassets in Resources */ = {isa = PBXBuildFile; fileRef = 2458E4591EE86B3C00418DAA /* Assets.xcassets */; };
		2458E45D1EE86B3C00418DAA /* LaunchScreen.storyboard in Resources */ = {isa = PBXBuildFile; fileRef = 2458E45B1EE86B3C00418DAA /* LaunchScreen.storyboard */; };
		2458E4661EE86BDA00418DAA /* SwiftPokerHands.swift in Sources */ = {isa = PBXBuildFile; fileRef = 2458E4651EE86BDA00418DAA /* SwiftPokerHands.swift */; };
		2458E4681EE86C9E00418DAA /* p54.txt in Resources */ = {isa = PBXBuildFile; fileRef = 2458E4671EE86C9E00418DAA /* p54.txt */; };
/* End PBXBuildFile section */

/* Begin PBXFileReference section */
		2458E44F1EE86B3C00418DAA /* SwiftPokerHands.app */ = {isa = PBXFileReference; explicitFileType = wrapper.application; includeInIndex = 0; path = SwiftPokerHands.app; sourceTree = BUILT_PRODUCTS_DIR; };
		2458E4521EE86B3C00418DAA /* AppDelegate.swift */ = {isa = PBXFileReference; lastKnownFileType = sourcecode.swift; path = AppDelegate.swift; sourceTree = "<group>"; };
		2458E4541EE86B3C00418DAA /* ViewController.swift */ = {isa = PBXFileReference; lastKnownFileType = sourcecode.swift; path = ViewController.swift; sourceTree = "<group>"; };
		2458E4571EE86B3C00418DAA /* Base */ = {isa = PBXFileReference; lastKnownFileType = file.storyboard; name = Base; path = Base.lproj/Main.storyboard; sourceTree = "<group>"; };
		2458E4591EE86B3C00418DAA /* Assets.xcassets */ = {isa = PBXFileReference; lastKnownFileType = folder.assetcatalog; path = Assets.xcassets; sourceTree = "<group>"; };
		2458E45C1EE86B3C00418DAA /* Base */ = {isa = PBXFileReference; lastKnownFileType = file.storyboard; name = Base; path = Base.lproj/LaunchScreen.storyboard; sourceTree = "<group>"; };
		2458E45E1EE86B3C00418DAA /* Info.plist */ = {isa = PBXFileReference; lastKnownFileType = text.plist.xml; path = Info.plist; sourceTree = "<group>"; };
		2458E4651EE86BDA00418DAA /* SwiftPokerHands.swift */ = {isa = PBXFileReference; lastKnownFileType = sourcecode.swift; path = SwiftPokerHands.swift; sourceTree = "<group>"; };
		2458E4671EE86C9E00418DAA /* p54.txt */ = {isa = PBXFileReference; fileEncoding = 4; lastKnownFileType = text; path = p54.txt; sourceTree = "<group>"; };
/* End PBXFileReference section */

/* Begin PBXFrameworksBuildPhase section */
		2458E44C1EE86B3C00418DAA /* Frameworks */ = {
			isa = PBXFrameworksBuildPhase;
			buildActionMask = 2147483647;
			files = (
			);
			runOnlyForDeploymentPostprocessing = 0;
		};
/* End PBXFrameworksBuildPhase section */

/* Begin PBXGroup section */
		2458E4461EE86B3C00418DAA = {
			isa = PBXGroup;
			children = (
				2458E4511EE86B3C00418DAA /* SwiftPokerHands */,
				2458E4501EE86B3C00418DAA /* Products */,
			);
			sourceTree = "<group>";
		};
		2458E4501EE86B3C00418DAA /* Products */ = {
			isa = PBXGroup;
			children = (
				2458E44F1EE86B3C00418DAA /* SwiftPokerHands.app */,
			);
			name = Products;
			sourceTree = "<group>";
		};
		2458E4511EE86B3C00418DAA /* SwiftPokerHands */ = {
			isa = PBXGroup;
			children = (
				2458E4641EE86B4300418DAA /* SwiftPokerHands */,
				2458E4521EE86B3C00418DAA /* AppDelegate.swift */,
				2458E4541EE86B3C00418DAA /* ViewController.swift */,
				2458E4561EE86B3C00418DAA /* Main.storyboard */,
				2458E4671EE86C9E00418DAA /* p54.txt */,
				2458E4591EE86B3C00418DAA /* Assets.xcassets */,
				2458E45B1EE86B3C00418DAA /* LaunchScreen.storyboard */,
				2458E45E1EE86B3C00418DAA /* Info.plist */,
			);
			path = SwiftPokerHands;
			sourceTree = "<group>";
		};
		2458E4641EE86B4300418DAA /* SwiftPokerHands */ = {
			isa = PBXGroup;
			children = (
				2458E4651EE86BDA00418DAA /* SwiftPokerHands.swift */,
			);
			path = SwiftPokerHands;
			sourceTree = "<group>";
		};
/* End PBXGroup section */

/* Begin PBXNativeTarget section */
		2458E44E1EE86B3C00418DAA /* SwiftPokerHands */ = {
			isa = PBXNativeTarget;
			buildConfigurationList = 2458E4611EE86B3C00418DAA /* Build configuration list for PBXNativeTarget "SwiftPokerHands" */;
			buildPhases = (
				2458E44B1EE86B3C00418DAA /* Sources */,
				2458E44C1EE86B3C00418DAA /* Frameworks */,
				2458E44D1EE86B3C00418DAA /* Resources */,
			);
			buildRules = (
			);
			dependencies = (
			);
			name = SwiftPokerHands;
			productName = SwiftPokerHands;
			productReference = 2458E44F1EE86B3C00418DAA /* SwiftPokerHands.app */;
			productType = "com.apple.product-type.application";
		};
/* End PBXNativeTarget section */

/* Begin PBXProject section */
		2458E4471EE86B3C00418DAA /* Project object */ = {
			isa = PBXProject;
			attributes = {
				LastSwiftUpdateCheck = 0900;
				LastUpgradeCheck = 1240;
				ORGANIZATIONNAME = dbeard;
				TargetAttributes = {
					2458E44E1EE86B3C00418DAA = {
						CreatedOnToolsVersion = 9.0;
						LastSwiftMigration = 1240;
					};
				};
			};
			buildConfigurationList = 2458E44A1EE86B3C00418DAA /* Build configuration list for PBXProject "SwiftPokerHands" */;
			compatibilityVersion = "Xcode 8.0";
			developmentRegion = en;
			hasScannedForEncodings = 0;
			knownRegions = (
				en,
				Base,
			);
			mainGroup = 2458E4461EE86B3C00418DAA;
			productRefGroup = 2458E4501EE86B3C00418DAA /* Products */;
			projectDirPath = "";
			projectRoot = "";
			targets = (
				2458E44E1EE86B3C00418DAA /* SwiftPokerHands */,
			);
		};
/* End PBXProject section */

/* Begin PBXResourcesBuildPhase section */
		2458E44D1EE86B3C00418DAA /* Resources */ = {
			isa = PBXResourcesBuildPhase;
			buildActionMask = 2147483647;
			files = (
				2458E45D1EE86B3C00418DAA /* LaunchScreen.storyboard in Resources */,
				2458E45A1EE86B3C00418DAA /* Assets.xcassets in Resources */,
				2458E4681EE86C9E00418DAA /* p54.txt in Resources */,
				2458E4581EE86B3C00418DAA /* Main.storyboard in Resources */,
			);
			runOnlyForDeploymentPostprocessing = 0;
		};
/* End PBXResourcesBuildPhase section */

/* Begin PBXSourcesBuildPhase section */
		2458E44B1EE86B3C00418DAA /* Sources */ = {
			isa = PBXSourcesBuildPhase;
			buildActionMask = 2147483647;
			files = (
				2458E4551EE86B3C00418DAA /* ViewController.swift in Sources */,
				2458E4661EE86BDA00418DAA /* SwiftPokerHands.swift in Sources */,
				2458E4531EE86B3C00418DAA /* AppDelegate.swift in Sources */,
			);
			runOnlyForDeploymentPostprocessing = 0;
		};
/* End PBXSourcesBuildPhase section */

/* Begin PBXVariantGroup section */
		2458E4561EE86B3C00418DAA /* Main.storyboard */ = {
			isa = PBXVariantGroup;
			children = (
				2458E4571EE86B3C00418DAA /* Base */,
			);
			name = Main.storyboard;
			sourceTree = "<group>";
		};
		2458E45B1EE86B3C00418DAA /* LaunchScreen.storyboard */ = {
			isa = PBXVariantGroup;
			children = (
				2458E45C1EE86B3C00418DAA /* Base */,
			);
			name = LaunchScreen.storyboard;
			sourceTree = "<group>";
		};
/* End PBXVariantGroup section */

/* Begin XCBuildConfiguration section */
		2458E45F1EE86B3C00418DAA /* Debug */ = {
			isa = XCBuildConfiguration;
			buildSettings = {
				ALWAYS_SEARCH_USER_PATHS = NO;
				CLANG_ANALYZER_NONNULL = YES;
				CLANG_ANALYZER_NUMBER_OBJECT_CONVERSION = YES_AGGRESSIVE;
				CLANG_CXX_LANGUAGE_STANDARD = "gnu++14";
				CLANG_CXX_LIBRARY = "libc++";
				CLANG_ENABLE_MODULES = YES;
				CLANG_ENABLE_OBJC_ARC = YES;
				CLANG_WARN_BLOCK_CAPTURE_AUTORELEASING = YES;
				CLANG_WARN_BOOL_CONVERSION = YES;
				CLANG_WARN_COMMA = YES;
				CLANG_WARN_CONSTANT_CONVERSION = YES;
				CLANG_WARN_DEPRECATED_OBJC_IMPLEMENTATIONS = YES;
				CLANG_WARN_DIRECT_OBJC_ISA_USAGE = YES_ERROR;
				CLANG_WARN_DOCUMENTATION_COMMENTS = YES;
				CLANG_WARN_EMPTY_BODY = YES;
				CLANG_WARN_ENUM_CONVERSION = YES;
				CLANG_WARN_INFINITE_RECURSION = YES;
				CLANG_WARN_INT_CONVERSION = YES;
				CLANG_WARN_NON_LITERAL_NULL_CONVERSION = YES;
				CLANG_WARN_OBJC_IMPLICIT_RETAIN_SELF = YES;
				CLANG_WARN_OBJC_LITERAL_CONVERSION = YES;
				CLANG_WARN_OBJC_ROOT_CLASS = YES_ERROR;
				CLANG_WARN_QUOTED_INCLUDE_IN_FRAMEWORK_HEADER = YES;
				CLANG_WARN_RANGE_LOOP_ANALYSIS = YES;
				CLANG_WARN_STRICT_PROTOTYPES = YES;
				CLANG_WARN_SUSPICIOUS_MOVE = YES;
				CLANG_WARN_UNGUARDED_AVAILABILITY = YES_AGGRESSIVE;
				CLANG_WARN_UNREACHABLE_CODE = YES;
				CLANG_WARN__DUPLICATE_METHOD_MATCH = YES;
				CODE_SIGN_IDENTITY = "iPhone Developer";
				COPY_PHASE_STRIP = NO;
				DEBUG_INFORMATION_FORMAT = dwarf;
				ENABLE_STRICT_OBJC_MSGSEND = YES;
				ENABLE_TESTABILITY = YES;
				GCC_C_LANGUAGE_STANDARD = gnu11;
				GCC_DYNAMIC_NO_PIC = NO;
				GCC_NO_COMMON_BLOCKS = YES;
				GCC_OPTIMIZATION_LEVEL = 0;
				GCC_PREPROCESSOR_DEFINITIONS = (
					"DEBUG=1",
					"$(inherited)",
				);
				GCC_WARN_64_TO_32_BIT_CONVERSION = YES;
				GCC_WARN_ABOUT_RETURN_TYPE = YES_ERROR;
				GCC_WARN_UNDECLARED_SELECTOR = YES;
				GCC_WARN_UNINITIALIZED_AUTOS = YES_AGGRESSIVE;
				GCC_WARN_UNUSED_FUNCTION = YES;
				GCC_WARN_UNUSED_VARIABLE = YES;
				IPHONEOS_DEPLOYMENT_TARGET = 12.0;
				MTL_ENABLE_DEBUG_INFO = YES;
				ONLY_ACTIVE_ARCH = YES;
				SDKROOT = iphoneos;
				SWIFT_ACTIVE_COMPILATION_CONDITIONS = DEBUG;
				SWIFT_OPTIMIZATION_LEVEL = "-Onone";
			};
			name = Debug;
		};
		2458E4601EE86B3C00418DAA /* Release */ = {
			isa = XCBuildConfiguration;
			buildSettings = {
				ALWAYS_SEARCH_USER_PATHS = NO;
				CLANG_ANALYZER_NONNULL = YES;
				CLANG_ANALYZER_NUMBER_OBJECT_CONVERSION = YES_AGGRESSIVE;
				CLANG_CXX_LANGUAGE_STANDARD = "gnu++14";
				CLANG_CXX_LIBRARY = "libc++";
				CLANG_ENABLE_MODULES = YES;
				CLANG_ENABLE_OBJC_ARC = YES;
				CLANG_WARN_BLOCK_CAPTURE_AUTORELEASING = YES;
				CLANG_WARN_BOOL_CONVERSION = YES;
				CLANG_WARN_COMMA = YES;
				CLANG_WARN_CONSTANT_CONVERSION = YES;
				CLANG_WARN_DEPRECATED_OBJC_IMPLEMENTATIONS = YES;
				CLANG_WARN_DIRECT_OBJC_ISA_USAGE = YES_ERROR;
				CLANG_WARN_DOCUMENTATION_COMMENTS = YES;
				CLANG_WARN_EMPTY_BODY = YES;
				CLANG_WARN_ENUM_CONVERSION = YES;
				CLANG_WARN_INFINITE_RECURSION = YES;
				CLANG_WARN_INT_CONVERSION = YES;
				CLANG_WARN_NON_LITERAL_NULL_CONVERSION = YES;
				CLANG_WARN_OBJC_IMPLICIT_RETAIN_SELF = YES;
				CLANG_WARN_OBJC_LITERAL_CONVERSION = YES;
				CLANG_WARN_OBJC_ROOT_CLASS = YES_ERROR;
				CLANG_WARN_QUOTED_INCLUDE_IN_FRAMEWORK_HEADER = YES;
				CLANG_WARN_RANGE_LOOP_ANALYSIS = YES;
				CLANG_WARN_STRICT_PROTOTYPES = YES;
				CLANG_WARN_SUSPICIOUS_MOVE = YES;
				CLANG_WARN_UNGUARDED_AVAILABILITY = YES_AGGRESSIVE;
				CLANG_WARN_UNREACHABLE_CODE = YES;
				CLANG_WARN__DUPLICATE_METHOD_MATCH = YES;
				CODE_SIGN_IDENTITY = "iPhone Developer";
				COPY_PHASE_STRIP = NO;
				DEBUG_INFORMATION_FORMAT = "dwarf-with-dsym";
				ENABLE_NS_ASSERTIONS = NO;
				ENABLE_STRICT_OBJC_MSGSEND = YES;
				GCC_C_LANGUAGE_STANDARD = gnu11;
				GCC_NO_COMMON_BLOCKS = YES;
				GCC_WARN_64_TO_32_BIT_CONVERSION = YES;
				GCC_WARN_ABOUT_RETURN_TYPE = YES_ERROR;
				GCC_WARN_UNDECLARED_SELECTOR = YES;
				GCC_WARN_UNINITIALIZED_AUTOS = YES_AGGRESSIVE;
				GCC_WARN_UNUSED_FUNCTION = YES;
				GCC_WARN_UNUSED_VARIABLE = YES;
				IPHONEOS_DEPLOYMENT_TARGET = 12.0;
				MTL_ENABLE_DEBUG_INFO = NO;
				SDKROOT = iphoneos;
				SWIFT_OPTIMIZATION_LEVEL = "-Owholemodule";
				VALIDATE_PRODUCT = YES;
			};
			name = Release;
		};
		2458E4621EE86B3C00418DAA /* Debug */ = {
			isa = XCBuildConfiguration;
			buildSettings = {
				ASSETCATALOG_COMPILER_APPICON_NAME = AppIcon;
				DEVELOPMENT_TEAM = 6T8835Q6XM;
				INFOPLIST_FILE = SwiftPokerHands/Info.plist;
				LD_RUNPATH_SEARCH_PATHS = "$(inherited) @executable_path/Frameworks";
				PRODUCT_BUNDLE_IDENTIFIER = com.dbeard.SwiftPokerHands;
				PRODUCT_NAME = "$(TARGET_NAME)";
				SWIFT_VERSION = 5.0;
				TARGETED_DEVICE_FAMILY = "1,2";
			};
			name = Debug;
		};
		2458E4631EE86B3C00418DAA /* Release */ = {
			isa = XCBuildConfiguration;
			buildSettings = {
				ASSETCATALOG_COMPILER_APPICON_NAME = AppIcon;
				DEVELOPMENT_TEAM = 6T8835Q6XM;
				INFOPLIST_FILE = SwiftPokerHands/Info.plist;
				LD_RUNPATH_SEARCH_PATHS = "$(inherited) @executable_path/Frameworks";
				PRODUCT_BUNDLE_IDENTIFIER = com.dbeard.SwiftPokerHands;
				PRODUCT_NAME = "$(TARGET_NAME)";
				SWIFT_VERSION = 5.0;
				TARGETED_DEVICE_FAMILY = "1,2";
			};
			name = Release;
		};
/* End XCBuildConfiguration section */

/* Begin XCConfigurationList section */
		2458E44A1EE86B3C00418DAA /* Build configuration list for PBXProject "SwiftPokerHands" */ = {
			isa = XCConfigurationList;
			buildConfigurations = (
				2458E45F1EE86B3C00418DAA /* Debug */,
				2458E4601EE86B3C00418DAA /* Release */,
			);
			defaultConfigurationIsVisible = 0;
			defaultConfigurationName = Release;
		};
		2458E4611EE86B3C00418DAA /* Build configuration list for PBXNativeTarget "SwiftPokerHands" */ = {
			isa = XCConfigurationList;
			buildConfigurations = (
				2458E4621EE86B3C00418DAA /* Debug */,
				2458E4631EE86B3C00418DAA /* Release */,
			);
			defaultConfigurationIsVisible = 0;
			defaultConfigurationName = Release;
		};
/* End XCConfigurationList section */
	};
	rootObject = 2458E4471EE86B3C00418DAA /* Project object */;
}
